
Microsoft Visual Studio Solution File, Format Version 12.00
# Visual Studio 15
VisualStudioVersion = 15.0.28307.106
MinimumVisualStudioVersion = 10.0.40219.1
Project("{FAE04EC0-301F-11D3-BF4B-00C04F79EFBC}") = "Lab6", "Lab6\Lab6.csproj", "{8B5AAB75-FB9D-46DE-A1A4-724958C4BC8C}"
EndProject
Global
	GlobalSection(SolutionConfigurationPlatforms) = preSolution
		Debug|Any CPU = Debug|Any CPU
		Release|Any CPU = Release|Any CPU
	EndGlobalSection
	GlobalSection(ProjectConfigurationPlatforms) = postSolution
		{8B5AAB75-FB9D-46DE-A1A4-724958C4BC8C}.Debug|Any CPU.ActiveCfg = Debug|Any CPU
		{8B5AAB75-FB9D-46DE-A1A4-724958C4BC8C}.Debug|Any CPU.Build.0 = Debug|Any CPU
		{8B5AAB75-FB9D-46DE-A1A4-724958C4BC8C}.Release|Any CPU.ActiveCfg = Release|Any CPU
		{8B5AAB75-FB9D-46DE-A1A4-724958C4BC8C}.Release|Any CPU.Build.0 = Release|Any CPU
	EndGlobalSection
	GlobalSection(SolutionProperties) = preSolution
		HideSolutionNode = FALSE
	EndGlobalSection
	GlobalSection(ExtensibilityGlobals) = postSolution
		SolutionGuid = {8421BF7A-27EB-4220-8326-211B5515D23B}
	EndGlobalSection
EndGlobal
